
Microsoft Visual Studio Solution File, Format Version 12.00
Project("{FAE04EC0-301F-11D3-BF4B-00C04F79EFBC}") = "ConsoleUI", "ConsoleUI\ConsoleUI.csproj", "{8CDC9251-841F-4B4F-A241-ED6EEDE8EE5F}"
EndProject
Project("{FAE04EC0-301F-11D3-BF4B-00C04F79EFBC}") = "App", "App\App.csproj", "{DC654408-2A96-4A0A-95E4-1E595102D5CD}"
EndProject
Global
	GlobalSection(SolutionConfigurationPlatforms) = preSolution
		Debug|Any CPU = Debug|Any CPU
		Release|Any CPU = Release|Any CPU
	EndGlobalSection
	GlobalSection(ProjectConfigurationPlatforms) = postSolution
		{8CDC9251-841F-4B4F-A241-ED6EEDE8EE5F}.Debug|Any CPU.ActiveCfg = Debug|Any CPU
		{8CDC9251-841F-4B4F-A241-ED6EEDE8EE5F}.Debug|Any CPU.Build.0 = Debug|Any CPU
		{8CDC9251-841F-4B4F-A241-ED6EEDE8EE5F}.Release|Any CPU.ActiveCfg = Release|Any CPU
		{8CDC9251-841F-4B4F-A241-ED6EEDE8EE5F}.Release|Any CPU.Build.0 = Release|Any CPU
		{DC654408-2A96-4A0A-95E4-1E595102D5CD}.Debug|Any CPU.ActiveCfg = Debug|Any CPU
		{DC654408-2A96-4A0A-95E4-1E595102D5CD}.Debug|Any CPU.Build.0 = Debug|Any CPU
		{DC654408-2A96-4A0A-95E4-1E595102D5CD}.Release|Any CPU.ActiveCfg = Release|Any CPU
		{DC654408-2A96-4A0A-95E4-1E595102D5CD}.Release|Any CPU.Build.0 = Release|Any CPU
	EndGlobalSection
EndGlobal
